<Solution>
  <Project Path="SuperTiled2UnityEditor.csproj" />
  <Project Path="MerryYellow.CodeAssist.Editor.csproj" />
  <Project Path="Assembly-CSharp.csproj" />
  <Project Path="SuperTiled2Unity.csproj" />
  <Project Path="DOTween.Modules.csproj" />
  <Project Path="Assembly-CSharp-Editor.csproj" />
</Solution>
